
Microsoft Visual Studio Solution File, Format Version 12.00
# Visual Studio Version 17
VisualStudioVersion = 17.4.33205.214
MinimumVisualStudioVersion = 10.0.40219.1
Project("{FAE04EC0-301F-11D3-BF4B-00C04F79EFBC}") = "Day01TextFile", "Day01TextFile.csproj", "{A65E006A-5D8C-4CAD-ACBD-89DFF4EFDB28}"
EndProject
Global
	GlobalSection(SolutionConfigurationPlatforms) = preSolution
		Debug|Any CPU = Debug|Any CPU
		Release|Any CPU = Release|Any CPU
	EndGlobalSection
	GlobalSection(ProjectConfigurationPlatforms) = postSolution
		{A65E006A-5D8C-4CAD-ACBD-89DFF4EFDB28}.Debug|Any CPU.ActiveCfg = Debug|Any CPU
		{A65E006A-5D8C-4CAD-ACBD-89DFF4EFDB28}.Debug|Any CPU.Build.0 = Debug|Any CPU
		{A65E006A-5D8C-4CAD-ACBD-89DFF4EFDB28}.Release|Any CPU.ActiveCfg = Release|Any CPU
		{A65E006A-5D8C-4CAD-ACBD-89DFF4EFDB28}.Release|Any CPU.Build.0 = Release|Any CPU
	EndGlobalSection
	GlobalSection(SolutionProperties) = preSolution
		HideSolutionNode = FALSE
	EndGlobalSection
	GlobalSection(ExtensibilityGlobals) = postSolution
		SolutionGuid = {5A63F38B-C259-4935-A8FA-439D11F95CC5}
	EndGlobalSection
EndGlobal
